
Microsoft Visual Studio Solution File, Format Version 12.00
# Visual Studio Version 16
VisualStudioVersion = 16.0.30804.86
MinimumVisualStudioVersion = 10.0.40219.1
Project("{FAE04EC0-301F-11D3-BF4B-00C04F79EFBC}") = "stackUnderFlow", "stackUnderFlow\stackUnderFlow.csproj", "{991D136D-6013-4507-A8D0-2567C9A62DF8}"
EndProject
Global
	GlobalSection(SolutionConfigurationPlatforms) = preSolution
		Debug|Any CPU = Debug|Any CPU
		Release|Any CPU = Release|Any CPU
	EndGlobalSection
	GlobalSection(ProjectConfigurationPlatforms) = postSolution
		{991D136D-6013-4507-A8D0-2567C9A62DF8}.Debug|Any CPU.ActiveCfg = Debug|Any CPU
		{991D136D-6013-4507-A8D0-2567C9A62DF8}.Debug|Any CPU.Build.0 = Debug|Any CPU
		{991D136D-6013-4507-A8D0-2567C9A62DF8}.Release|Any CPU.ActiveCfg = Release|Any CPU
		{991D136D-6013-4507-A8D0-2567C9A62DF8}.Release|Any CPU.Build.0 = Release|Any CPU
	EndGlobalSection
	GlobalSection(SolutionProperties) = preSolution
		HideSolutionNode = FALSE
	EndGlobalSection
	GlobalSection(ExtensibilityGlobals) = postSolution
		SolutionGuid = {59B8D545-8AA6-4664-B8F5-37BFE3555986}
	EndGlobalSection
EndGlobal
